version = 1
created_by = "vo mod sync"

[root]
module = "github.com/vo-lang/blockkart"
vo = "^0.1.0"

[[resolved]]
path = "github.com/vo-lang/vogui"
version = "v0.1.15"
vo = "^0.1.0"
commit = "4f53eb2674fa8e9c35e068fe0f88f0f2b39c1055"
release_manifest = "sha256:be690cfccedbad1ec0709835b68ebb05ae92acd34c69210b42ad9d5ac9984823"
source = "sha256:8aa13b9a21ec40df723bc6612f5375e84e82ceeb3e0dd18b4fab1550b9d54bd6"
deps = []

[[resolved.artifact]]
kind = "extension-native"
target = "aarch64-apple-darwin"
name = "libvo_vogui.dylib"
size = 1589824
digest = "sha256:c30858bb444dc4cce1e5a3c85a327f9be15c5db0ecb843ee3678cf2b7be174fd"

[[resolved.artifact]]
kind = "extension-native"
target = "x86_64-pc-windows-msvc"
name = "vo_vogui.dll"
size = 1381376
digest = "sha256:61325ca8878deefb15287616b292af44f0674a66528c977a43b5ccba729ffa4d"

[[resolved.artifact]]
kind = "extension-native"
target = "x86_64-unknown-linux-gnu"
name = "libvo_vogui.so"
size = 2065776
digest = "sha256:8d8890d60a593234e883676fae6511b9ffe8bcb5b42d3be2a1a7ca39dc169481"

[[resolved.artifact]]
kind = "extension-wasm"
target = "wasm32-unknown-unknown"
name = "vogui.wasm"
size = 29805
digest = "sha256:83d90c148f58851ffed12ceec24cc641889456c1ffcab3ea40b8f66d4e3aab83"

[[resolved]]
path = "github.com/vo-lang/vopack"
version = "v0.1.3"
vo = "^0.1.0"
commit = "63a82992d8b75bbf9e5d0267e8ad6e8ad0c01bb8"
release_manifest = "sha256:84cb48cc0c5ccace34dd9ed9c44adaf3b0ed1b958a1f1837be8d05148566f144"
source = "sha256:0ce5aef812b1bc388566b132d1800bff4a91e7cc2b7671b87d56d70aec1fa6b7"
deps = []

[[resolved]]
path = "github.com/vo-lang/voplay"
version = "v0.1.34"
vo = "^0.1.0"
commit = "105a3d6dc63ef6ddd74c30165a4e4659a6cb7575"
release_manifest = "sha256:a094c0bbcb602d39101636bfe169c4ea2a6b1f298d78241d8f0a715efd028b87"
source = "sha256:550a1dfb979d372c0d340e5d4a8c2f5f32f21f2e5148b5a0ab7485ca29a27a91"
deps = ["github.com/vo-lang/vogui", "github.com/vo-lang/vopack"]

[[resolved.artifact]]
kind = "extension-js-glue"
target = "wasm32-unknown-unknown"
name = "voplay_island.js"
size = 108530
digest = "sha256:50808bd319ab6a39f8a9227db96aaf3536ff1624b5e79470d9149ca32be8ef54"

[[resolved.artifact]]
kind = "extension-wasm"
target = "wasm32-unknown-unknown"
name = "voplay_island_bg.wasm"
size = 3657581
digest = "sha256:9d51f977891f006882f1b434a1fc90c467f6cd05d1e0b57895e994c00335eb6b"
