format = 1
root = "sha256:7da5c9406b9f51acce216282455c1095b15d7381eeb6bc3d9b4f58c84026ba1b"

[[module]]
path = "github.com/vo-lang/voplay"
version = "0.1.0"
origin = "workspace"
intent = "sha256:a95723aa2ebe48b8a5b2958521eaa89c8bebe7dd1d3918a6409dcea37b3350c8"

[module.selection]
requested_by = ["github.com/vo-lang/blockkart"]
capabilities = ["animation", "audio", "core", "gltf", "image", "pack", "physics2d", "physics3d", "readback", "render2d", "render3d", "text"]
target = "aarch64-apple-darwin"
toolchain = "0.1.4"
schema = "sha256:d1b52a0aef92f1c82112445d9de8e1fac43dd530b48667ac601a1ca3dca5cfb8"
abi = "sha256:2e971f9f0263e48605e7a2ad506fe06be91740e093addb1483a4d8eb5b901581"
vo_graph = "sha256:77314056db6745898689fb466a3c9dc98c678922317f3658c601b7a908a7dbf7"
rust_graph = "sha256:1930d46cb5fdfd1a159ddde945eed29e2513ded9bedafb6d8a6e1895e225d4c6"
js_graph = "sha256:54e9ec97bc0a75a12e98516025e5f1fb8e9aeda6e826657873af96fa2169304d"
recipe_graph = "sha256:1e01303a6318eb9be5edc02bf2f893044a3625b5bbce382d9aefcc1f0b4e5576"
mode = "source-recipe"
source_recipe = "sha256:88d4303c3a66dafaa00f7374670d14c59c0006fabb3e2f062f80c1e2e7266223"

[[module.selection.source_output]]
role = "logic"
kind = "extension-native"
name = "libvoplay_extension.dylib"

[[module.selection.source_output]]
role = "asset"
kind = "extension-native"
name = "libvoplay_extension.dylib"

[[module.selection.source_output]]
role = "render"
kind = "extension-native"
name = "libvoplay_extension.dylib"

[[module.selection.source_output]]
role = "audio"
kind = "extension-native"
name = "libvoplay_extension.dylib"
